
Microsoft Visual Studio Solution File, Format Version 12.00
# Visual Studio Version 17
VisualStudioVersion = 17.13.35931.197 d17.13
MinimumVisualStudioVersion = 10.0.40219.1
Project("{FAE04EC0-301F-11D3-BF4B-00C04F79EFBC}") = "Angular-App", "Angular-App\Angular-App.csproj", "{59FEAAC8-9E4B-41D9-9CAB-B2DBCF071170}"
EndProject
Global
	GlobalSection(SolutionConfigurationPlatforms) = preSolution
		Debug|Any CPU = Debug|Any CPU
		Release|Any CPU = Release|Any CPU
	EndGlobalSection
	GlobalSection(ProjectConfigurationPlatforms) = postSolution
		{59FEAAC8-9E4B-41D9-9CAB-B2DBCF071170}.Debug|Any CPU.ActiveCfg = Debug|Any CPU
		{59FEAAC8-9E4B-41D9-9CAB-B2DBCF071170}.Debug|Any CPU.Build.0 = Debug|Any CPU
		{59FEAAC8-9E4B-41D9-9CAB-B2DBCF071170}.Release|Any CPU.ActiveCfg = Release|Any CPU
		{59FEAAC8-9E4B-41D9-9CAB-B2DBCF071170}.Release|Any CPU.Build.0 = Release|Any CPU
	EndGlobalSection
	GlobalSection(SolutionProperties) = preSolution
		HideSolutionNode = FALSE
	EndGlobalSection
	GlobalSection(ExtensibilityGlobals) = postSolution
		SolutionGuid = {2C4A759A-91EF-4E2D-8E9C-DA1107A26977}
	EndGlobalSection
EndGlobal
